
Microsoft Visual Studio Solution File, Format Version 12.00
# Visual Studio Version 16
VisualStudioVersion = 16.0.29509.3
MinimumVisualStudioVersion = 10.0.40219.1
Project("{FAE04EC0-301F-11D3-BF4B-00C04F79EFBC}") = "GitTest", "GitTest.csproj", "{5BC85CEE-7453-4BFD-B3B5-0E66A72A4B76}"
EndProject
Global
	GlobalSection(SolutionConfigurationPlatforms) = preSolution
		Debug|Any CPU = Debug|Any CPU
		Release|Any CPU = Release|Any CPU
	EndGlobalSection
	GlobalSection(ProjectConfigurationPlatforms) = postSolution
		{5BC85CEE-7453-4BFD-B3B5-0E66A72A4B76}.Debug|Any CPU.ActiveCfg = Debug|Any CPU
		{5BC85CEE-7453-4BFD-B3B5-0E66A72A4B76}.Debug|Any CPU.Build.0 = Debug|Any CPU
		{5BC85CEE-7453-4BFD-B3B5-0E66A72A4B76}.Release|Any CPU.ActiveCfg = Release|Any CPU
		{5BC85CEE-7453-4BFD-B3B5-0E66A72A4B76}.Release|Any CPU.Build.0 = Release|Any CPU
	EndGlobalSection
	GlobalSection(SolutionProperties) = preSolution
		HideSolutionNode = FALSE
	EndGlobalSection
	GlobalSection(ExtensibilityGlobals) = postSolution
		SolutionGuid = {2931D752-756D-4BF6-8107-37A5FED6E156}
	EndGlobalSection
EndGlobal
